
Microsoft Visual Studio Solution File, Format Version 12.00
# Visual Studio Version 17
VisualStudioVersion = 17.14.36811.4 d17.14
MinimumVisualStudioVersion = 10.0.40219.1
Project("{8BC9CEB8-8B4A-11D0-8D11-00A0C91BC942}") = "ToyProject", "ToyProject\ToyProject.vcxproj", "{DEDFA1AD-1711-4857-9045-506F2EF00125}"
EndProject
Global
	GlobalSection(SolutionConfigurationPlatforms) = preSolution
		Debug|x64 = Debug|x64
		Debug|x86 = Debug|x86
		Release|x64 = Release|x64
		Release|x86 = Release|x86
	EndGlobalSection
	GlobalSection(ProjectConfigurationPlatforms) = postSolution
		{DEDFA1AD-1711-4857-9045-506F2EF00125}.Debug|x64.ActiveCfg = Debug|x64
		{DEDFA1AD-1711-4857-9045-506F2EF00125}.Debug|x64.Build.0 = Debug|x64
		{DEDFA1AD-1711-4857-9045-506F2EF00125}.Debug|x86.ActiveCfg = Debug|Win32
		{DEDFA1AD-1711-4857-9045-506F2EF00125}.Debug|x86.Build.0 = Debug|Win32
		{DEDFA1AD-1711-4857-9045-506F2EF00125}.Release|x64.ActiveCfg = Release|x64
		{DEDFA1AD-1711-4857-9045-506F2EF00125}.Release|x64.Build.0 = Release|x64
		{DEDFA1AD-1711-4857-9045-506F2EF00125}.Release|x86.ActiveCfg = Release|Win32
		{DEDFA1AD-1711-4857-9045-506F2EF00125}.Release|x86.Build.0 = Release|Win32
	EndGlobalSection
	GlobalSection(SolutionProperties) = preSolution
		HideSolutionNode = FALSE
	EndGlobalSection
	GlobalSection(ExtensibilityGlobals) = postSolution
		SolutionGuid = {0703DD93-BAAC-4533-B8B4-D7DCEFD4DAC6}
	EndGlobalSection
EndGlobal
